// !$*UTF8*$!
{
	archiveVersion = 1;
	classes = {
	};
	objectVersion = 48;
	objects = {

/* Begin PBXBuildFile section */
		A0B313091FE17CCF00EAEE27 /* StarField.sks in Resources */ = {isa = PBXBuildFile; fileRef = A0B313001FE17CCE00EAEE27 /* StarField.sks */; };
		A0B3130B1FE17CCF00EAEE27 /* Utilities.swift in Sources */ = {isa = PBXBuildFile; fileRef = A0B313021FE17CCF00EAEE27 /* Utilities.swift */; };
		A0FFE4401FCF0B2C000B1BE7 /* WebKit.framework in Frameworks */ = {isa = PBXBuildFile; fileRef = A0FFE43F1FCF0B2C000B1BE7 /* WebKit.framework */; };
/* End PBXBuildFile section */

/* Begin PBXContainerItemProxy section */
		A08F68B71FA2223800A0BACE /* PBXContainerItemProxy */ = {
			isa = PBXContainerItemProxy;
			containerPortal = A08F689A1FA2223800A0BACE /* Project object */;
			proxyType = 1;
			remoteGlobalIDString = A08F68A11FA2223800A0BACE;
			remoteInfo = PrestonStepp_CSP;
		};
		A08F68C21FA2223800A0BACE /* PBXContainerItemProxy */ = {
			isa = PBXContainerItemProxy;
			containerPortal = A08F689A1FA2223800A0BACE /* Project object */;
			proxyType = 1;
			remoteGlobalIDString = A08F68A11FA2223800A0BACE;
			remoteInfo = PrestonStepp_CSP;
		};
/* End PBXContainerItemProxy section */

/* Begin PBXFileReference section */
		A08F68A21FA2223800A0BACE /* PrestonStepp_CSP.app */ = {isa = PBXFileReference; explicitFileType = wrapper.application; includeInIndex = 0; path = PrestonStepp_CSP.app; sourceTree = BUILT_PRODUCTS_DIR; };
		A08F68B61FA2223800A0BACE /* PrestonStepp_CSPTests.xctest */ = {isa = PBXFileReference; explicitFileType = wrapper.cfbundle; includeInIndex = 0; path = PrestonStepp_CSPTests.xctest; sourceTree = BUILT_PRODUCTS_DIR; };
		A08F68C11FA2223800A0BACE /* PrestonStepp_CSPUITests.xctest */ = {isa = PBXFileReference; explicitFileType = wrapper.cfbundle; includeInIndex = 0; path = PrestonStepp_CSPUITests.xctest; sourceTree = BUILT_PRODUCTS_DIR; };
		A0B313001FE17CCE00EAEE27 /* StarField.sks */ = {isa = PBXFileReference; lastKnownFileType = file.sks; path = StarField.sks; sourceTree = "<group>"; };
		A0B313021FE17CCF00EAEE27 /* Utilities.swift */ = {isa = PBXFileReference; fileEncoding = 4; lastKnownFileType = sourcecode.swift; path = Utilities.swift; sourceTree = "<group>"; };
		A0B313111FE182C500EAEE27 /* AppDelegate.swift */ = {isa = PBXFileReference; lastKnownFileType = sourcecode.swift; path = AppDelegate.swift; sourceTree = "<group>"; };
		A0B313121FE182C500EAEE27 /* GlobalmpactViewController.swift */ = {isa = PBXFileReference; lastKnownFileType = sourcecode.swift; path = GlobalmpactViewController.swift; sourceTree = "<group>"; };
		A0B313131FE182C500EAEE27 /* ViewController.swift */ = {isa = PBXFileReference; lastKnownFileType = sourcecode.swift; path = ViewController.swift; sourceTree = "<group>"; };
		A0B313141FE182C500EAEE27 /* ProgrammingViewController.swift */ = {isa = PBXFileReference; lastKnownFileType = sourcecode.swift; path = ProgrammingViewController.swift; sourceTree = "<group>"; };
		A0B313151FE182C500EAEE27 /* DataAndInformationViewController.swift */ = {isa = PBXFileReference; lastKnownFileType = sourcecode.swift; path = DataAndInformationViewController.swift; sourceTree = "<group>"; };
		A0B313161FE182C500EAEE27 /* CreativityViewController.swift */ = {isa = PBXFileReference; lastKnownFileType = sourcecode.swift; path = CreativityViewController.swift; sourceTree = "<group>"; };
		A0B313171FE182C500EAEE27 /* StartScene.swift */ = {isa = PBXFileReference; lastKnownFileType = sourcecode.swift; path = StartScene.swift; sourceTree = "<group>"; };
		A0B313181FE182C500EAEE27 /* AlgorithmsViewController.swift */ = {isa = PBXFileReference; lastKnownFileType = sourcecode.swift; path = AlgorithmsViewController.swift; sourceTree = "<group>"; };
		A0B313191FE182C500EAEE27 /* LevelCompleteScene.swift */ = {isa = PBXFileReference; lastKnownFileType = sourcecode.swift; path = LevelCompleteScene.swift; sourceTree = "<group>"; };
		A0B3131A1FE182C500EAEE27 /* GameScene.swift */ = {isa = PBXFileReference; lastKnownFileType = sourcecode.swift; path = GameScene.swift; sourceTree = "<group>"; };
		A0B3131B1FE182C500EAEE27 /* DawingView.swift */ = {isa = PBXFileReference; lastKnownFileType = sourcecode.swift; path = DawingView.swift; sourceTree = "<group>"; };
		A0B3131C1FE182C500EAEE27 /* TheInternetViewController.swift */ = {isa = PBXFileReference; lastKnownFileType = sourcecode.swift; path = TheInternetViewController.swift; sourceTree = "<group>"; };
		A0B3131D1FE182C500EAEE27 /* AbstractionViewController.swift */ = {isa = PBXFileReference; lastKnownFileType = sourcecode.swift; path = AbstractionViewController.swift; sourceTree = "<group>"; };
		A0B3131F1FE1830D00EAEE27 /* Accessable.swift */ = {isa = PBXFileReference; lastKnownFileType = sourcecode.swift; path = Accessable.swift; sourceTree = "<group>"; };
		A0B313221FE1832B00EAEE27 /* Base */ = {isa = PBXFileReference; lastKnownFileType = file.storyboard; name = Base; path = ../../PrestonStepp_CSP/View/Base.lproj/Main.storyboard; sourceTree = "<group>"; };
		A0FFE43F1FCF0B2C000B1BE7 /* WebKit.framework */ = {isa = PBXFileReference; lastKnownFileType = wrapper.framework; name = WebKit.framework; path = System/Library/Frameworks/WebKit.framework; sourceTree = SDKROOT; };
/* End PBXFileReference section */

/* Begin PBXFrameworksBuildPhase section */
		A08F689F1FA2223800A0BACE /* Frameworks */ = {
			isa = PBXFrameworksBuildPhase;
			buildActionMask = 2147483647;
			files = (
				A0FFE4401FCF0B2C000B1BE7 /* WebKit.framework in Frameworks */,
			);
			runOnlyForDeploymentPostprocessing = 0;
		};
		A08F68B31FA2223800A0BACE /* Frameworks */ = {
			isa = PBXFrameworksBuildPhase;
			buildActionMask = 2147483647;
			files = (
			);
			runOnlyForDeploymentPostprocessing = 0;
		};
		A08F68BE1FA2223800A0BACE /* Frameworks */ = {
			isa = PBXFrameworksBuildPhase;
			buildActionMask = 2147483647;
			files = (
			);
			runOnlyForDeploymentPostprocessing = 0;
		};
/* End PBXFrameworksBuildPhase section */

/* Begin PBXGroup section */
		A08F68991FA2223800A0BACE = {
			isa = PBXGroup;
			children = (
				A0B313101FE182B100EAEE27 /* Controller */,
				A08F68A31FA2223800A0BACE /* Products */,
				A0FFE43E1FCF0B2B000B1BE7 /* Frameworks */,
			);
			sourceTree = "<group>";
		};
		A08F68A31FA2223800A0BACE /* Products */ = {
			isa = PBXGroup;
			children = (
				A08F68A21FA2223800A0BACE /* PrestonStepp_CSP.app */,
				A08F68B61FA2223800A0BACE /* PrestonStepp_CSPTests.xctest */,
				A08F68C11FA2223800A0BACE /* PrestonStepp_CSPUITests.xctest */,
			);
			name = Products;
			sourceTree = "<group>";
		};
		A0B313101FE182B100EAEE27 /* Controller */ = {
			isa = PBXGroup;
			children = (
				A0B3131E1FE182E400EAEE27 /* GameController */,
				A0B3131D1FE182C500EAEE27 /* AbstractionViewController.swift */,
				A0B313181FE182C500EAEE27 /* AlgorithmsViewController.swift */,
				A0B313111FE182C500EAEE27 /* AppDelegate.swift */,
				A0B313161FE182C500EAEE27 /* CreativityViewController.swift */,
				A0B313151FE182C500EAEE27 /* DataAndInformationViewController.swift */,
				A0B3131F1FE1830D00EAEE27 /* Accessable.swift */,
				A0B313121FE182C500EAEE27 /* GlobalmpactViewController.swift */,
				A0B313141FE182C500EAEE27 /* ProgrammingViewController.swift */,
				A0B3131C1FE182C500EAEE27 /* TheInternetViewController.swift */,
				A0B313131FE182C500EAEE27 /* ViewController.swift */,
				A0B313241FE1857200EAEE27 /* Resources */,
				A0B313231FE1855D00EAEE27 /* View */,
			);
			path = Controller;
			sourceTree = "<group>";
		};
		A0B3131E1FE182E400EAEE27 /* GameController */ = {
			isa = PBXGroup;
			children = (
				A0B3131A1FE182C500EAEE27 /* GameScene.swift */,
				A0B313191FE182C500EAEE27 /* LevelCompleteScene.swift */,
				A0B313171FE182C500EAEE27 /* StartScene.swift */,
			);
			path = GameController;
			sourceTree = "<group>";
		};
		A0B313231FE1855D00EAEE27 /* View */ = {
			isa = PBXGroup;
			children = (
				A0B3131B1FE182C500EAEE27 /* DawingView.swift */,
				A0B313001FE17CCE00EAEE27 /* StarField.sks */,
				A0B313211FE1832B00EAEE27 /* Main.storyboard */,
			);
			path = View;
			sourceTree = "<group>";
		};
		A0B313241FE1857200EAEE27 /* Resources */ = {
			isa = PBXGroup;
			children = (
				A0B313021FE17CCF00EAEE27 /* Utilities.swift */,
			);
			path = Resources;
			sourceTree = "<group>";
		};
		A0FFE43E1FCF0B2B000B1BE7 /* Frameworks */ = {
			isa = PBXGroup;
			children = (
				A0FFE43F1FCF0B2C000B1BE7 /* WebKit.framework */,
			);
			name = Frameworks;
			sourceTree = "<group>";
		};
/* End PBXGroup section */

/* Begin PBXNativeTarget section */
		A08F68A11FA2223800A0BACE /* PrestonStepp_CSP */ = {
			isa = PBXNativeTarget;
			buildConfigurationList = A08F68CA1FA2223800A0BACE /* Build configuration list for PBXNativeTarget "PrestonStepp_CSP" */;
			buildPhases = (
				A08F689E1FA2223800A0BACE /* Sources */,
				A08F689F1FA2223800A0BACE /* Frameworks */,
				A08F68A01FA2223800A0BACE /* Resources */,
			);
			buildRules = (
			);
			dependencies = (
			);
			name = PrestonStepp_CSP;
			productName = PrestonStepp_CSP;
			productReference = A08F68A21FA2223800A0BACE /* PrestonStepp_CSP.app */;
			productType = "com.apple.product-type.application";
		};
		A08F68B51FA2223800A0BACE /* PrestonStepp_CSPTests */ = {
			isa = PBXNativeTarget;
			buildConfigurationList = A08F68CD1FA2223800A0BACE /* Build configuration list for PBXNativeTarget "PrestonStepp_CSPTests" */;
			buildPhases = (
				A08F68B21FA2223800A0BACE /* Sources */,
				A08F68B31FA2223800A0BACE /* Frameworks */,
				A08F68B41FA2223800A0BACE /* Resources */,
			);
			buildRules = (
			);
			dependencies = (
				A08F68B81FA2223800A0BACE /* PBXTargetDependency */,
			);
			name = PrestonStepp_CSPTests;
			productName = PrestonStepp_CSPTests;
			productReference = A08F68B61FA2223800A0BACE /* PrestonStepp_CSPTests.xctest */;
			productType = "com.apple.product-type.bundle.unit-test";
		};
		A08F68C01FA2223800A0BACE /* PrestonStepp_CSPUITests */ = {
			isa = PBXNativeTarget;
			buildConfigurationList = A08F68D01FA2223800A0BACE /* Build configuration list for PBXNativeTarget "PrestonStepp_CSPUITests" */;
			buildPhases = (
				A08F68BD1FA2223800A0BACE /* Sources */,
				A08F68BE1FA2223800A0BACE /* Frameworks */,
				A08F68BF1FA2223800A0BACE /* Resources */,
			);
			buildRules = (
			);
			dependencies = (
				A08F68C31FA2223800A0BACE /* PBXTargetDependency */,
			);
			name = PrestonStepp_CSPUITests;
			productName = PrestonStepp_CSPUITests;
			productReference = A08F68C11FA2223800A0BACE /* PrestonStepp_CSPUITests.xctest */;
			productType = "com.apple.product-type.bundle.ui-testing";
		};
/* End PBXNativeTarget section */

/* Begin PBXProject section */
		A08F689A1FA2223800A0BACE /* Project object */ = {
			isa = PBXProject;
			attributes = {
				LastSwiftUpdateCheck = 0900;
				LastUpgradeCheck = 0900;
				ORGANIZATIONNAME = CTEC;
				TargetAttributes = {
					A08F68A11FA2223800A0BACE = {
						CreatedOnToolsVersion = 9.0;
						ProvisioningStyle = Automatic;
					};
					A08F68B51FA2223800A0BACE = {
						CreatedOnToolsVersion = 9.0;
						ProvisioningStyle = Automatic;
						TestTargetID = A08F68A11FA2223800A0BACE;
					};
					A08F68C01FA2223800A0BACE = {
						CreatedOnToolsVersion = 9.0;
						ProvisioningStyle = Automatic;
						TestTargetID = A08F68A11FA2223800A0BACE;
					};
				};
			};
			buildConfigurationList = A08F689D1FA2223800A0BACE /* Build configuration list for PBXProject "PrestonStepp_CSP" */;
			compatibilityVersion = "Xcode 8.0";
			developmentRegion = en;
			hasScannedForEncodings = 0;
			knownRegions = (
				en,
				Base,
			);
			mainGroup = A08F68991FA2223800A0BACE;
			productRefGroup = A08F68A31FA2223800A0BACE /* Products */;
			projectDirPath = "";
			projectRoot = "";
			targets = (
				A08F68A11FA2223800A0BACE /* PrestonStepp_CSP */,
				A08F68B51FA2223800A0BACE /* PrestonStepp_CSPTests */,
				A08F68C01FA2223800A0BACE /* PrestonStepp_CSPUITests */,
			);
		};
/* End PBXProject section */

/* Begin PBXResourcesBuildPhase section */
		A08F68A01FA2223800A0BACE /* Resources */ = {
			isa = PBXResourcesBuildPhase;
			buildActionMask = 2147483647;
			files = (
				A0B313091FE17CCF00EAEE27 /* StarField.sks in Resources */,
			);
			runOnlyForDeploymentPostprocessing = 0;
		};
		A08F68B41FA2223800A0BACE /* Resources */ = {
			isa = PBXResourcesBuildPhase;
			buildActionMask = 2147483647;
			files = (
			);
			runOnlyForDeploymentPostprocessing = 0;
		};
		A08F68BF1FA2223800A0BACE /* Resources */ = {
			isa = PBXResourcesBuildPhase;
			buildActionMask = 2147483647;
			files = (
			);
			runOnlyForDeploymentPostprocessing = 0;
		};
/* End PBXResourcesBuildPhase section */

/* Begin PBXSourcesBuildPhase section */
		A08F689E1FA2223800A0BACE /* Sources */ = {
			isa = PBXSourcesBuildPhase;
			buildActionMask = 2147483647;
			files = (
				A0B3130B1FE17CCF00EAEE27 /* Utilities.swift in Sources */,
			);
			runOnlyForDeploymentPostprocessing = 0;
		};
		A08F68B21FA2223800A0BACE /* Sources */ = {
			isa = PBXSourcesBuildPhase;
			buildActionMask = 2147483647;
			files = (
			);
			runOnlyForDeploymentPostprocessing = 0;
		};
		A08F68BD1FA2223800A0BACE /* Sources */ = {
			isa = PBXSourcesBuildPhase;
			buildActionMask = 2147483647;
			files = (
			);
			runOnlyForDeploymentPostprocessing = 0;
		};
/* End PBXSourcesBuildPhase section */

/* Begin PBXTargetDependency section */
		A08F68B81FA2223800A0BACE /* PBXTargetDependency */ = {
			isa = PBXTargetDependency;
			target = A08F68A11FA2223800A0BACE /* PrestonStepp_CSP */;
			targetProxy = A08F68B71FA2223800A0BACE /* PBXContainerItemProxy */;
		};
		A08F68C31FA2223800A0BACE /* PBXTargetDependency */ = {
			isa = PBXTargetDependency;
			target = A08F68A11FA2223800A0BACE /* PrestonStepp_CSP */;
			targetProxy = A08F68C21FA2223800A0BACE /* PBXContainerItemProxy */;
		};
/* End PBXTargetDependency section */

/* Begin PBXVariantGroup section */
		A0B313211FE1832B00EAEE27 /* Main.storyboard */ = {
			isa = PBXVariantGroup;
			children = (
				A0B313221FE1832B00EAEE27 /* Base */,
			);
			name = Main.storyboard;
			sourceTree = "<group>";
		};
/* End PBXVariantGroup section */

/* Begin XCBuildConfiguration section */
		A08F68C81FA2223800A0BACE /* Debug */ = {
			isa = XCBuildConfiguration;
			buildSettings = {
				ALWAYS_SEARCH_USER_PATHS = NO;
				CLANG_ANALYZER_NONNULL = YES;
				CLANG_ANALYZER_NUMBER_OBJECT_CONVERSION = YES_AGGRESSIVE;
				CLANG_CXX_LANGUAGE_STANDARD = "gnu++14";
				CLANG_CXX_LIBRARY = "libc++";
				CLANG_ENABLE_MODULES = YES;
				CLANG_ENABLE_OBJC_ARC = YES;
				CLANG_WARN_BLOCK_CAPTURE_AUTORELEASING = YES;
				CLANG_WARN_BOOL_CONVERSION = YES;
				CLANG_WARN_COMMA = YES;
				CLANG_WARN_CONSTANT_CONVERSION = YES;
				CLANG_WARN_DIRECT_OBJC_ISA_USAGE = YES_ERROR;
				CLANG_WARN_DOCUMENTATION_COMMENTS = YES;
				CLANG_WARN_EMPTY_BODY = YES;
				CLANG_WARN_ENUM_CONVERSION = YES;
				CLANG_WARN_INFINITE_RECURSION = YES;
				CLANG_WARN_INT_CONVERSION = YES;
				CLANG_WARN_NON_LITERAL_NULL_CONVERSION = YES;
				CLANG_WARN_OBJC_LITERAL_CONVERSION = YES;
				CLANG_WARN_OBJC_ROOT_CLASS = YES_ERROR;
				CLANG_WARN_RANGE_LOOP_ANALYSIS = YES;
				CLANG_WARN_STRICT_PROTOTYPES = YES;
				CLANG_WARN_SUSPICIOUS_MOVE = YES;
				CLANG_WARN_UNGUARDED_AVAILABILITY = YES_AGGRESSIVE;
				CLANG_WARN_UNREACHABLE_CODE = YES;
				CLANG_WARN__DUPLICATE_METHOD_MATCH = YES;
				CODE_SIGN_IDENTITY = "iPhone Developer";
				COPY_PHASE_STRIP = NO;
				DEBUG_INFORMATION_FORMAT = dwarf;
				ENABLE_STRICT_OBJC_MSGSEND = YES;
				ENABLE_TESTABILITY = YES;
				GCC_C_LANGUAGE_STANDARD = gnu11;
				GCC_DYNAMIC_NO_PIC = NO;
				GCC_NO_COMMON_BLOCKS = YES;
				GCC_OPTIMIZATION_LEVEL = 0;
				GCC_PREPROCESSOR_DEFINITIONS = (
					"DEBUG=1",
					"$(inherited)",
				);
				GCC_WARN_64_TO_32_BIT_CONVERSION = YES;
				GCC_WARN_ABOUT_RETURN_TYPE = YES_ERROR;
				GCC_WARN_UNDECLARED_SELECTOR = YES;
				GCC_WARN_UNINITIALIZED_AUTOS = YES_AGGRESSIVE;
				GCC_WARN_UNUSED_FUNCTION = YES;
				GCC_WARN_UNUSED_VARIABLE = YES;
				IPHONEOS_DEPLOYMENT_TARGET = 11.0;
				MTL_ENABLE_DEBUG_INFO = YES;
				ONLY_ACTIVE_ARCH = YES;
				SDKROOT = iphoneos;
				SWIFT_ACTIVE_COMPILATION_CONDITIONS = DEBUG;
				SWIFT_OPTIMIZATION_LEVEL = "-Onone";
			};
			name = Debug;
		};
		A08F68C91FA2223800A0BACE /* Release */ = {
			isa = XCBuildConfiguration;
			buildSettings = {
				ALWAYS_SEARCH_USER_PATHS = NO;
				CLANG_ANALYZER_NONNULL = YES;
				CLANG_ANALYZER_NUMBER_OBJECT_CONVERSION = YES_AGGRESSIVE;
				CLANG_CXX_LANGUAGE_STANDARD = "gnu++14";
				CLANG_CXX_LIBRARY = "libc++";
				CLANG_ENABLE_MODULES = YES;
				CLANG_ENABLE_OBJC_ARC = YES;
				CLANG_WARN_BLOCK_CAPTURE_AUTORELEASING = YES;
				CLANG_WARN_BOOL_CONVERSION = YES;
				CLANG_WARN_COMMA = YES;
				CLANG_WARN_CONSTANT_CONVERSION = YES;
				CLANG_WARN_DIRECT_OBJC_ISA_USAGE = YES_ERROR;
				CLANG_WARN_DOCUMENTATION_COMMENTS = YES;
				CLANG_WARN_EMPTY_BODY = YES;
				CLANG_WARN_ENUM_CONVERSION = YES;
				CLANG_WARN_INFINITE_RECURSION = YES;
				CLANG_WARN_INT_CONVERSION = YES;
				CLANG_WARN_NON_LITERAL_NULL_CONVERSION = YES;
				CLANG_WARN_OBJC_LITERAL_CONVERSION = YES;
				CLANG_WARN_OBJC_ROOT_CLASS = YES_ERROR;
				CLANG_WARN_RANGE_LOOP_ANALYSIS = YES;
				CLANG_WARN_STRICT_PROTOTYPES = YES;
				CLANG_WARN_SUSPICIOUS_MOVE = YES;
				CLANG_WARN_UNGUARDED_AVAILABILITY = YES_AGGRESSIVE;
				CLANG_WARN_UNREACHABLE_CODE = YES;
				CLANG_WARN__DUPLICATE_METHOD_MATCH = YES;
				CODE_SIGN_IDENTITY = "iPhone Developer";
				COPY_PHASE_STRIP = NO;
				DEBUG_INFORMATION_FORMAT = "dwarf-with-dsym";
				ENABLE_NS_ASSERTIONS = NO;
				ENABLE_STRICT_OBJC_MSGSEND = YES;
				GCC_C_LANGUAGE_STANDARD = gnu11;
				GCC_NO_COMMON_BLOCKS = YES;
				GCC_WARN_64_TO_32_BIT_CONVERSION = YES;
				GCC_WARN_ABOUT_RETURN_TYPE = YES_ERROR;
				GCC_WARN_UNDECLARED_SELECTOR = YES;
				GCC_WARN_UNINITIALIZED_AUTOS = YES_AGGRESSIVE;
				GCC_WARN_UNUSED_FUNCTION = YES;
				GCC_WARN_UNUSED_VARIABLE = YES;
				IPHONEOS_DEPLOYMENT_TARGET = 11.0;
				MTL_ENABLE_DEBUG_INFO = NO;
				SDKROOT = iphoneos;
				SWIFT_OPTIMIZATION_LEVEL = "-Owholemodule";
				VALIDATE_PRODUCT = YES;
			};
			name = Release;
		};
		A08F68CB1FA2223800A0BACE /* Debug */ = {
			isa = XCBuildConfiguration;
			buildSettings = {
				ASSETCATALOG_COMPILER_APPICON_NAME = AppIcon;
				CODE_SIGN_STYLE = Automatic;
				INFOPLIST_FILE = "$(SRCROOT)/Resources/Info.plist";
				LD_RUNPATH_SEARCH_PATHS = "$(inherited) @executable_path/Frameworks";
				PRODUCT_BUNDLE_IDENTIFIER = "CTEC.PrestonStepp-CSP";
				PRODUCT_NAME = "$(TARGET_NAME)";
				SWIFT_VERSION = 4.0;
				TARGETED_DEVICE_FAMILY = "1,2";
			};
			name = Debug;
		};
		A08F68CC1FA2223800A0BACE /* Release */ = {
			isa = XCBuildConfiguration;
			buildSettings = {
				ASSETCATALOG_COMPILER_APPICON_NAME = AppIcon;
				CODE_SIGN_STYLE = Automatic;
				INFOPLIST_FILE = "$(SRCROOT)/Resources/Info.plist";
				LD_RUNPATH_SEARCH_PATHS = "$(inherited) @executable_path/Frameworks";
				PRODUCT_BUNDLE_IDENTIFIER = "CTEC.PrestonStepp-CSP";
				PRODUCT_NAME = "$(TARGET_NAME)";
				SWIFT_VERSION = 4.0;
				TARGETED_DEVICE_FAMILY = "1,2";
			};
			name = Release;
		};
		A08F68CE1FA2223800A0BACE /* Debug */ = {
			isa = XCBuildConfiguration;
			buildSettings = {
				ALWAYS_EMBED_SWIFT_STANDARD_LIBRARIES = YES;
				BUNDLE_LOADER = "$(TEST_HOST)";
				CODE_SIGN_STYLE = Automatic;
				INFOPLIST_FILE = PrestonStepp_CSPTests/Info.plist;
				LD_RUNPATH_SEARCH_PATHS = "$(inherited) @executable_path/Frameworks @loader_path/Frameworks";
				PRODUCT_BUNDLE_IDENTIFIER = "CTEC.PrestonStepp-CSPTests";
				PRODUCT_NAME = "$(TARGET_NAME)";
				SWIFT_VERSION = 4.0;
				TARGETED_DEVICE_FAMILY = "1,2";
				TEST_HOST = "$(BUILT_PRODUCTS_DIR)/PrestonStepp_CSP.app/PrestonStepp_CSP";
			};
			name = Debug;
		};
		A08F68CF1FA2223800A0BACE /* Release */ = {
			isa = XCBuildConfiguration;
			buildSettings = {
				ALWAYS_EMBED_SWIFT_STANDARD_LIBRARIES = YES;
				BUNDLE_LOADER = "$(TEST_HOST)";
				CODE_SIGN_STYLE = Automatic;
				INFOPLIST_FILE = PrestonStepp_CSPTests/Info.plist;
				LD_RUNPATH_SEARCH_PATHS = "$(inherited) @executable_path/Frameworks @loader_path/Frameworks";
				PRODUCT_BUNDLE_IDENTIFIER = "CTEC.PrestonStepp-CSPTests";
				PRODUCT_NAME = "$(TARGET_NAME)";
				SWIFT_VERSION = 4.0;
				TARGETED_DEVICE_FAMILY = "1,2";
				TEST_HOST = "$(BUILT_PRODUCTS_DIR)/PrestonStepp_CSP.app/PrestonStepp_CSP";
			};
			name = Release;
		};
		A08F68D11FA2223800A0BACE /* Debug */ = {
			isa = XCBuildConfiguration;
			buildSettings = {
				ALWAYS_EMBED_SWIFT_STANDARD_LIBRARIES = YES;
				CODE_SIGN_STYLE = Automatic;
				INFOPLIST_FILE = PrestonStepp_CSPUITests/Info.plist;
				LD_RUNPATH_SEARCH_PATHS = "$(inherited) @executable_path/Frameworks @loader_path/Frameworks";
				PRODUCT_BUNDLE_IDENTIFIER = "CTEC.PrestonStepp-CSPUITests";
				PRODUCT_NAME = "$(TARGET_NAME)";
				SWIFT_VERSION = 4.0;
				TARGETED_DEVICE_FAMILY = "1,2";
				TEST_TARGET_NAME = PrestonStepp_CSP;
			};
			name = Debug;
		};
		A08F68D21FA2223800A0BACE /* Release */ = {
			isa = XCBuildConfiguration;
			buildSettings = {
				ALWAYS_EMBED_SWIFT_STANDARD_LIBRARIES = YES;
				CODE_SIGN_STYLE = Automatic;
				INFOPLIST_FILE = PrestonStepp_CSPUITests/Info.plist;
				LD_RUNPATH_SEARCH_PATHS = "$(inherited) @executable_path/Frameworks @loader_path/Frameworks";
				PRODUCT_BUNDLE_IDENTIFIER = "CTEC.PrestonStepp-CSPUITests";
				PRODUCT_NAME = "$(TARGET_NAME)";
				SWIFT_VERSION = 4.0;
				TARGETED_DEVICE_FAMILY = "1,2";
				TEST_TARGET_NAME = PrestonStepp_CSP;
			};
			name = Release;
		};
/* End XCBuildConfiguration section */

/* Begin XCConfigurationList section */
		A08F689D1FA2223800A0BACE /* Build configuration list for PBXProject "PrestonStepp_CSP" */ = {
			isa = XCConfigurationList;
			buildConfigurations = (
				A08F68C81FA2223800A0BACE /* Debug */,
				A08F68C91FA2223800A0BACE /* Release */,
			);
			defaultConfigurationIsVisible = 0;
			defaultConfigurationName = Release;
		};
		A08F68CA1FA2223800A0BACE /* Build configuration list for PBXNativeTarget "PrestonStepp_CSP" */ = {
			isa = XCConfigurationList;
			buildConfigurations = (
				A08F68CB1FA2223800A0BACE /* Debug */,
				A08F68CC1FA2223800A0BACE /* Release */,
			);
			defaultConfigurationIsVisible = 0;
			defaultConfigurationName = Release;
		};
		A08F68CD1FA2223800A0BACE /* Build configuration list for PBXNativeTarget "PrestonStepp_CSPTests" */ = {
			isa = XCConfigurationList;
			buildConfigurations = (
				A08F68CE1FA2223800A0BACE /* Debug */,
				A08F68CF1FA2223800A0BACE /* Release */,
			);
			defaultConfigurationIsVisible = 0;
			defaultConfigurationName = Release;
		};
		A08F68D01FA2223800A0BACE /* Build configuration list for PBXNativeTarget "PrestonStepp_CSPUITests" */ = {
			isa = XCConfigurationList;
			buildConfigurations = (
				A08F68D11FA2223800A0BACE /* Debug */,
				A08F68D21FA2223800A0BACE /* Release */,
			);
			defaultConfigurationIsVisible = 0;
			defaultConfigurationName = Release;
		};
/* End XCConfigurationList section */
	};
	rootObject = A08F689A1FA2223800A0BACE /* Project object */;
}
